// !$*UTF8*$!
{
	archiveVersion = 1;
	classes = {
	};
	objectVersion = 56;
	objects = {

/* Begin PBXBuildFile section */
		64FE91FF2AAA02D900C94587 /* AppDelegate.swift in Sources */ = {isa = PBXBuildFile; fileRef = 64FE91FE2AAA02D900C94587 /* AppDelegate.swift */; };
		64FE92012AAA02D900C94587 /* SceneDelegate.swift in Sources */ = {isa = PBXBuildFile; fileRef = 64FE92002AAA02D900C94587 /* SceneDelegate.swift */; };
		64FE92032AAA02D900C94587 /* ViewController.swift in Sources */ = {isa = PBXBuildFile; fileRef = 64FE92022AAA02D900C94587 /* ViewController.swift */; };
		64FE92082AAA02DA00C94587 /* Assets.xcassets in Resources */ = {isa = PBXBuildFile; fileRef = 64FE92072AAA02DA00C94587 /* Assets.xcassets */; };
		64FE920B2AAA02DA00C94587 /* LaunchScreen.storyboard in Resources */ = {isa = PBXBuildFile; fileRef = 64FE92092AAA02DA00C94587 /* LaunchScreen.storyboard */; };
		64FE92142AAA03D600C94587 /* SnapKit in Frameworks */ = {isa = PBXBuildFile; productRef = 64FE92132AAA03D600C94587 /* SnapKit */; };
		64FE921A2AAA058D00C94587 /* Cell.swift in Sources */ = {isa = PBXBuildFile; fileRef = 64FE92192AAA058D00C94587 /* Cell.swift */; };
		64FE921C2AAA069E00C94587 /* ProductModel.swift in Sources */ = {isa = PBXBuildFile; fileRef = 64FE921B2AAA069E00C94587 /* ProductModel.swift */; };
		64FE921E2AAA07A600C94587 /* GoogleService-Info.plist in Resources */ = {isa = PBXBuildFile; fileRef = 64FE921D2AAA07A600C94587 /* GoogleService-Info.plist */; };
		64FE92212AAA080300C94587 /* FirebaseAuth in Frameworks */ = {isa = PBXBuildFile; productRef = 64FE92202AAA080300C94587 /* FirebaseAuth */; };
		64FE92232AAA080300C94587 /* FirebaseDatabase in Frameworks */ = {isa = PBXBuildFile; productRef = 64FE92222AAA080300C94587 /* FirebaseDatabase */; };
		64FE92252AAA080300C94587 /* FirebaseDatabaseSwift in Frameworks */ = {isa = PBXBuildFile; productRef = 64FE92242AAA080300C94587 /* FirebaseDatabaseSwift */; };
		64FE92272AAA080300C94587 /* FirebaseFirestore in Frameworks */ = {isa = PBXBuildFile; productRef = 64FE92262AAA080300C94587 /* FirebaseFirestore */; };
		64FE92292AAA080300C94587 /* FirebaseFirestoreSwift in Frameworks */ = {isa = PBXBuildFile; productRef = 64FE92282AAA080300C94587 /* FirebaseFirestoreSwift */; };
		64FE922B2AAA080300C94587 /* FirebaseStorage in Frameworks */ = {isa = PBXBuildFile; productRef = 64FE922A2AAA080300C94587 /* FirebaseStorage */; };
/* End PBXBuildFile section */

/* Begin PBXFileReference section */
		64FE91FB2AAA02D900C94587 /* MarketplaceApp.app */ = {isa = PBXFileReference; explicitFileType = wrapper.application; includeInIndex = 0; path = MarketplaceApp.app; sourceTree = BUILT_PRODUCTS_DIR; };
		64FE91FE2AAA02D900C94587 /* AppDelegate.swift */ = {isa = PBXFileReference; lastKnownFileType = sourcecode.swift; path = AppDelegate.swift; sourceTree = "<group>"; };
		64FE92002AAA02D900C94587 /* SceneDelegate.swift */ = {isa = PBXFileReference; lastKnownFileType = sourcecode.swift; path = SceneDelegate.swift; sourceTree = "<group>"; };
		64FE92022AAA02D900C94587 /* ViewController.swift */ = {isa = PBXFileReference; lastKnownFileType = sourcecode.swift; path = ViewController.swift; sourceTree = "<group>"; };
		64FE92072AAA02DA00C94587 /* Assets.xcassets */ = {isa = PBXFileReference; lastKnownFileType = folder.assetcatalog; path = Assets.xcassets; sourceTree = "<group>"; };
		64FE920A2AAA02DA00C94587 /* Base */ = {isa = PBXFileReference; lastKnownFileType = file.storyboard; name = Base; path = Base.lproj/LaunchScreen.storyboard; sourceTree = "<group>"; };
		64FE920C2AAA02DA00C94587 /* Info.plist */ = {isa = PBXFileReference; lastKnownFileType = text.plist.xml; path = Info.plist; sourceTree = "<group>"; };
		64FE92192AAA058D00C94587 /* Cell.swift */ = {isa = PBXFileReference; lastKnownFileType = sourcecode.swift; path = Cell.swift; sourceTree = "<group>"; };
		64FE921B2AAA069E00C94587 /* ProductModel.swift */ = {isa = PBXFileReference; lastKnownFileType = sourcecode.swift; path = ProductModel.swift; sourceTree = "<group>"; };
		64FE921D2AAA07A600C94587 /* GoogleService-Info.plist */ = {isa = PBXFileReference; fileEncoding = 4; lastKnownFileType = text.plist.xml; path = "GoogleService-Info.plist"; sourceTree = "<group>"; };
/* End PBXFileReference section */

/* Begin PBXFrameworksBuildPhase section */
		64FE91F82AAA02D900C94587 /* Frameworks */ = {
			isa = PBXFrameworksBuildPhase;
			buildActionMask = 2147483647;
			files = (
				64FE92252AAA080300C94587 /* FirebaseDatabaseSwift in Frameworks */,
				64FE92232AAA080300C94587 /* FirebaseDatabase in Frameworks */,
				64FE92142AAA03D600C94587 /* SnapKit in Frameworks */,
				64FE92272AAA080300C94587 /* FirebaseFirestore in Frameworks */,
				64FE922B2AAA080300C94587 /* FirebaseStorage in Frameworks */,
				64FE92212AAA080300C94587 /* FirebaseAuth in Frameworks */,
				64FE92292AAA080300C94587 /* FirebaseFirestoreSwift in Frameworks */,
			);
			runOnlyForDeploymentPostprocessing = 0;
		};
/* End PBXFrameworksBuildPhase section */

/* Begin PBXGroup section */
		64FE91F22AAA02D900C94587 = {
			isa = PBXGroup;
			children = (
				64FE91FD2AAA02D900C94587 /* MarketplaceApp */,
				64FE91FC2AAA02D900C94587 /* Products */,
			);
			sourceTree = "<group>";
		};
		64FE91FC2AAA02D900C94587 /* Products */ = {
			isa = PBXGroup;
			children = (
				64FE91FB2AAA02D900C94587 /* MarketplaceApp.app */,
			);
			name = Products;
			sourceTree = "<group>";
		};
		64FE91FD2AAA02D900C94587 /* MarketplaceApp */ = {
			isa = PBXGroup;
			children = (
				64FE92152AAA04BA00C94587 /* Application */,
				64FE92162AAA055300C94587 /* ViewControllers */,
				64FE92172AAA055F00C94587 /* Views */,
				64FE92182AAA056800C94587 /* Models */,
				64FE92072AAA02DA00C94587 /* Assets.xcassets */,
				64FE92092AAA02DA00C94587 /* LaunchScreen.storyboard */,
				64FE920C2AAA02DA00C94587 /* Info.plist */,
				64FE921D2AAA07A600C94587 /* GoogleService-Info.plist */,
			);
			path = MarketplaceApp;
			sourceTree = "<group>";
		};
		64FE92152AAA04BA00C94587 /* Application */ = {
			isa = PBXGroup;
			children = (
				64FE91FE2AAA02D900C94587 /* AppDelegate.swift */,
				64FE92002AAA02D900C94587 /* SceneDelegate.swift */,
			);
			path = Application;
			sourceTree = "<group>";
		};
		64FE92162AAA055300C94587 /* ViewControllers */ = {
			isa = PBXGroup;
			children = (
				64FE92022AAA02D900C94587 /* ViewController.swift */,
			);
			path = ViewControllers;
			sourceTree = "<group>";
		};
		64FE92172AAA055F00C94587 /* Views */ = {
			isa = PBXGroup;
			children = (
				64FE92192AAA058D00C94587 /* Cell.swift */,
			);
			path = Views;
			sourceTree = "<group>";
		};
		64FE92182AAA056800C94587 /* Models */ = {
			isa = PBXGroup;
			children = (
				64FE921B2AAA069E00C94587 /* ProductModel.swift */,
			);
			path = Models;
			sourceTree = "<group>";
		};
/* End PBXGroup section */

/* Begin PBXNativeTarget section */
		64FE91FA2AAA02D900C94587 /* MarketplaceApp */ = {
			isa = PBXNativeTarget;
			buildConfigurationList = 64FE920F2AAA02DA00C94587 /* Build configuration list for PBXNativeTarget "MarketplaceApp" */;
			buildPhases = (
				64FE91F72AAA02D900C94587 /* Sources */,
				64FE91F82AAA02D900C94587 /* Frameworks */,
				64FE91F92AAA02D900C94587 /* Resources */,
			);
			buildRules = (
			);
			dependencies = (
			);
			name = MarketplaceApp;
			packageProductDependencies = (
				64FE92132AAA03D600C94587 /* SnapKit */,
				64FE92202AAA080300C94587 /* FirebaseAuth */,
				64FE92222AAA080300C94587 /* FirebaseDatabase */,
				64FE92242AAA080300C94587 /* FirebaseDatabaseSwift */,
				64FE92262AAA080300C94587 /* FirebaseFirestore */,
				64FE92282AAA080300C94587 /* FirebaseFirestoreSwift */,
				64FE922A2AAA080300C94587 /* FirebaseStorage */,
			);
			productName = MarketplaceApp;
			productReference = 64FE91FB2AAA02D900C94587 /* MarketplaceApp.app */;
			productType = "com.apple.product-type.application";
		};
/* End PBXNativeTarget section */

/* Begin PBXProject section */
		64FE91F32AAA02D900C94587 /* Project object */ = {
			isa = PBXProject;
			attributes = {
				BuildIndependentTargetsInParallel = 1;
				LastSwiftUpdateCheck = 1430;
				LastUpgradeCheck = 1430;
				TargetAttributes = {
					64FE91FA2AAA02D900C94587 = {
						CreatedOnToolsVersion = 14.3.1;
					};
				};
			};
			buildConfigurationList = 64FE91F62AAA02D900C94587 /* Build configuration list for PBXProject "MarketplaceApp" */;
			compatibilityVersion = "Xcode 14.0";
			developmentRegion = en;
			hasScannedForEncodings = 0;
			knownRegions = (
				en,
				Base,
			);
			mainGroup = 64FE91F22AAA02D900C94587;
			packageReferences = (
				64FE92122AAA03D600C94587 /* XCRemoteSwiftPackageReference "SnapKit" */,
				64FE921F2AAA080300C94587 /* XCRemoteSwiftPackageReference "firebase-ios-sdk" */,
			);
			productRefGroup = 64FE91FC2AAA02D900C94587 /* Products */;
			projectDirPath = "";
			projectRoot = "";
			targets = (
				64FE91FA2AAA02D900C94587 /* MarketplaceApp */,
			);
		};
/* End PBXProject section */

/* Begin PBXResourcesBuildPhase section */
		64FE91F92AAA02D900C94587 /* Resources */ = {
			isa = PBXResourcesBuildPhase;
			buildActionMask = 2147483647;
			files = (
				64FE920B2AAA02DA00C94587 /* LaunchScreen.storyboard in Resources */,
				64FE92082AAA02DA00C94587 /* Assets.xcassets in Resources */,
				64FE921E2AAA07A600C94587 /* GoogleService-Info.plist in Resources */,
			);
			runOnlyForDeploymentPostprocessing = 0;
		};
/* End PBXResourcesBuildPhase section */

/* Begin PBXSourcesBuildPhase section */
		64FE91F72AAA02D900C94587 /* Sources */ = {
			isa = PBXSourcesBuildPhase;
			buildActionMask = 2147483647;
			files = (
				64FE92032AAA02D900C94587 /* ViewController.swift in Sources */,
				64FE921A2AAA058D00C94587 /* Cell.swift in Sources */,
				64FE91FF2AAA02D900C94587 /* AppDelegate.swift in Sources */,
				64FE92012AAA02D900C94587 /* SceneDelegate.swift in Sources */,
				64FE921C2AAA069E00C94587 /* ProductModel.swift in Sources */,
			);
			runOnlyForDeploymentPostprocessing = 0;
		};
/* End PBXSourcesBuildPhase section */

/* Begin PBXVariantGroup section */
		64FE92092AAA02DA00C94587 /* LaunchScreen.storyboard */ = {
			isa = PBXVariantGroup;
			children = (
				64FE920A2AAA02DA00C94587 /* Base */,
			);
			name = LaunchScreen.storyboard;
			sourceTree = "<group>";
		};
/* End PBXVariantGroup section */

/* Begin XCBuildConfiguration section */
		64FE920D2AAA02DA00C94587 /* Debug */ = {
			isa = XCBuildConfiguration;
			buildSettings = {
				ALWAYS_SEARCH_USER_PATHS = NO;
				CLANG_ANALYZER_NONNULL = YES;
				CLANG_ANALYZER_NUMBER_OBJECT_CONVERSION = YES_AGGRESSIVE;
				CLANG_CXX_LANGUAGE_STANDARD = "gnu++20";
				CLANG_ENABLE_MODULES = YES;
				CLANG_ENABLE_OBJC_ARC = YES;
				CLANG_ENABLE_OBJC_WEAK = YES;
				CLANG_WARN_BLOCK_CAPTURE_AUTORELEASING = YES;
				CLANG_WARN_BOOL_CONVERSION = YES;
				CLANG_WARN_COMMA = YES;
				CLANG_WARN_CONSTANT_CONVERSION = YES;
				CLANG_WARN_DEPRECATED_OBJC_IMPLEMENTATIONS = YES;
				CLANG_WARN_DIRECT_OBJC_ISA_USAGE = YES_ERROR;
				CLANG_WARN_DOCUMENTATION_COMMENTS = YES;
				CLANG_WARN_EMPTY_BODY = YES;
				CLANG_WARN_ENUM_CONVERSION = YES;
				CLANG_WARN_INFINITE_RECURSION = YES;
				CLANG_WARN_INT_CONVERSION = YES;
				CLANG_WARN_NON_LITERAL_NULL_CONVERSION = YES;
				CLANG_WARN_OBJC_IMPLICIT_RETAIN_SELF = YES;
				CLANG_WARN_OBJC_LITERAL_CONVERSION = YES;
				CLANG_WARN_OBJC_ROOT_CLASS = YES_ERROR;
				CLANG_WARN_QUOTED_INCLUDE_IN_FRAMEWORK_HEADER = YES;
				CLANG_WARN_RANGE_LOOP_ANALYSIS = YES;
				CLANG_WARN_STRICT_PROTOTYPES = YES;
				CLANG_WARN_SUSPICIOUS_MOVE = YES;
				CLANG_WARN_UNGUARDED_AVAILABILITY = YES_AGGRESSIVE;
				CLANG_WARN_UNREACHABLE_CODE = YES;
				CLANG_WARN__DUPLICATE_METHOD_MATCH = YES;
				COPY_PHASE_STRIP = NO;
				DEBUG_INFORMATION_FORMAT = dwarf;
				ENABLE_STRICT_OBJC_MSGSEND = YES;
				ENABLE_TESTABILITY = YES;
				GCC_C_LANGUAGE_STANDARD = gnu11;
				GCC_DYNAMIC_NO_PIC = NO;
				GCC_NO_COMMON_BLOCKS = YES;
				GCC_OPTIMIZATION_LEVEL = 0;
				GCC_PREPROCESSOR_DEFINITIONS = (
					"DEBUG=1",
					"$(inherited)",
				);
				GCC_WARN_64_TO_32_BIT_CONVERSION = YES;
				GCC_WARN_ABOUT_RETURN_TYPE = YES_ERROR;
				GCC_WARN_UNDECLARED_SELECTOR = YES;
				GCC_WARN_UNINITIALIZED_AUTOS = YES_AGGRESSIVE;
				GCC_WARN_UNUSED_FUNCTION = YES;
				GCC_WARN_UNUSED_VARIABLE = YES;
				IPHONEOS_DEPLOYMENT_TARGET = 16.4;
				MTL_ENABLE_DEBUG_INFO = INCLUDE_SOURCE;
				MTL_FAST_MATH = YES;
				ONLY_ACTIVE_ARCH = YES;
				SDKROOT = iphoneos;
				SWIFT_ACTIVE_COMPILATION_CONDITIONS = DEBUG;
				SWIFT_OPTIMIZATION_LEVEL = "-Onone";
			};
			name = Debug;
		};
		64FE920E2AAA02DA00C94587 /* Release */ = {
			isa = XCBuildConfiguration;
			buildSettings = {
				ALWAYS_SEARCH_USER_PATHS = NO;
				CLANG_ANALYZER_NONNULL = YES;
				CLANG_ANALYZER_NUMBER_OBJECT_CONVERSION = YES_AGGRESSIVE;
				CLANG_CXX_LANGUAGE_STANDARD = "gnu++20";
				CLANG_ENABLE_MODULES = YES;
				CLANG_ENABLE_OBJC_ARC = YES;
				CLANG_ENABLE_OBJC_WEAK = YES;
				CLANG_WARN_BLOCK_CAPTURE_AUTORELEASING = YES;
				CLANG_WARN_BOOL_CONVERSION = YES;
				CLANG_WARN_COMMA = YES;
				CLANG_WARN_CONSTANT_CONVERSION = YES;
				CLANG_WARN_DEPRECATED_OBJC_IMPLEMENTATIONS = YES;
				CLANG_WARN_DIRECT_OBJC_ISA_USAGE = YES_ERROR;
				CLANG_WARN_DOCUMENTATION_COMMENTS = YES;
				CLANG_WARN_EMPTY_BODY = YES;
				CLANG_WARN_ENUM_CONVERSION = YES;
				CLANG_WARN_INFINITE_RECURSION = YES;
				CLANG_WARN_INT_CONVERSION = YES;
				CLANG_WARN_NON_LITERAL_NULL_CONVERSION = YES;
				CLANG_WARN_OBJC_IMPLICIT_RETAIN_SELF = YES;
				CLANG_WARN_OBJC_LITERAL_CONVERSION = YES;
				CLANG_WARN_OBJC_ROOT_CLASS = YES_ERROR;
				CLANG_WARN_QUOTED_INCLUDE_IN_FRAMEWORK_HEADER = YES;
				CLANG_WARN_RANGE_LOOP_ANALYSIS = YES;
				CLANG_WARN_STRICT_PROTOTYPES = YES;
				CLANG_WARN_SUSPICIOUS_MOVE = YES;
				CLANG_WARN_UNGUARDED_AVAILABILITY = YES_AGGRESSIVE;
				CLANG_WARN_UNREACHABLE_CODE = YES;
				CLANG_WARN__DUPLICATE_METHOD_MATCH = YES;
				COPY_PHASE_STRIP = NO;
				DEBUG_INFORMATION_FORMAT = "dwarf-with-dsym";
				ENABLE_NS_ASSERTIONS = NO;
				ENABLE_STRICT_OBJC_MSGSEND = YES;
				GCC_C_LANGUAGE_STANDARD = gnu11;
				GCC_NO_COMMON_BLOCKS = YES;
				GCC_WARN_64_TO_32_BIT_CONVERSION = YES;
				GCC_WARN_ABOUT_RETURN_TYPE = YES_ERROR;
				GCC_WARN_UNDECLARED_SELECTOR = YES;
				GCC_WARN_UNINITIALIZED_AUTOS = YES_AGGRESSIVE;
				GCC_WARN_UNUSED_FUNCTION = YES;
				GCC_WARN_UNUSED_VARIABLE = YES;
				IPHONEOS_DEPLOYMENT_TARGET = 16.4;
				MTL_ENABLE_DEBUG_INFO = NO;
				MTL_FAST_MATH = YES;
				SDKROOT = iphoneos;
				SWIFT_COMPILATION_MODE = wholemodule;
				SWIFT_OPTIMIZATION_LEVEL = "-O";
				VALIDATE_PRODUCT = YES;
			};
			name = Release;
		};
		64FE92102AAA02DA00C94587 /* Debug */ = {
			isa = XCBuildConfiguration;
			buildSettings = {
				ASSETCATALOG_COMPILER_APPICON_NAME = AppIcon;
				ASSETCATALOG_COMPILER_GLOBAL_ACCENT_COLOR_NAME = AccentColor;
				CODE_SIGN_STYLE = Automatic;
				CURRENT_PROJECT_VERSION = 1;
				DEVELOPMENT_TEAM = V8ALJCTXD3;
				GENERATE_INFOPLIST_FILE = YES;
				INFOPLIST_FILE = MarketplaceApp/Info.plist;
				INFOPLIST_KEY_UIApplicationSupportsIndirectInputEvents = YES;
				INFOPLIST_KEY_UILaunchStoryboardName = LaunchScreen;
				INFOPLIST_KEY_UISupportedInterfaceOrientations_iPad = "UIInterfaceOrientationPortrait UIInterfaceOrientationPortraitUpsideDown UIInterfaceOrientationLandscapeLeft UIInterfaceOrientationLandscapeRight";
				INFOPLIST_KEY_UISupportedInterfaceOrientations_iPhone = "UIInterfaceOrientationPortrait UIInterfaceOrientationLandscapeLeft UIInterfaceOrientationLandscapeRight";
				LD_RUNPATH_SEARCH_PATHS = (
					"$(inherited)",
					"@executable_path/Frameworks",
				);
				MARKETING_VERSION = 1.0;
				PRODUCT_BUNDLE_IDENTIFIER = ClownTeam.MarketplaceApp;
				PRODUCT_NAME = "$(TARGET_NAME)";
				SWIFT_EMIT_LOC_STRINGS = YES;
				SWIFT_VERSION = 5.0;
				TARGETED_DEVICE_FAMILY = "1,2";
			};
			name = Debug;
		};
		64FE92112AAA02DA00C94587 /* Release */ = {
			isa = XCBuildConfiguration;
			buildSettings = {
				ASSETCATALOG_COMPILER_APPICON_NAME = AppIcon;
				ASSETCATALOG_COMPILER_GLOBAL_ACCENT_COLOR_NAME = AccentColor;
				CODE_SIGN_STYLE = Automatic;
				CURRENT_PROJECT_VERSION = 1;
				DEVELOPMENT_TEAM = V8ALJCTXD3;
				GENERATE_INFOPLIST_FILE = YES;
				INFOPLIST_FILE = MarketplaceApp/Info.plist;
				INFOPLIST_KEY_UIApplicationSupportsIndirectInputEvents = YES;
				INFOPLIST_KEY_UILaunchStoryboardName = LaunchScreen;
				INFOPLIST_KEY_UISupportedInterfaceOrientations_iPad = "UIInterfaceOrientationPortrait UIInterfaceOrientationPortraitUpsideDown UIInterfaceOrientationLandscapeLeft UIInterfaceOrientationLandscapeRight";
				INFOPLIST_KEY_UISupportedInterfaceOrientations_iPhone = "UIInterfaceOrientationPortrait UIInterfaceOrientationLandscapeLeft UIInterfaceOrientationLandscapeRight";
				LD_RUNPATH_SEARCH_PATHS = (
					"$(inherited)",
					"@executable_path/Frameworks",
				);
				MARKETING_VERSION = 1.0;
				PRODUCT_BUNDLE_IDENTIFIER = ClownTeam.MarketplaceApp;
				PRODUCT_NAME = "$(TARGET_NAME)";
				SWIFT_EMIT_LOC_STRINGS = YES;
				SWIFT_VERSION = 5.0;
				TARGETED_DEVICE_FAMILY = "1,2";
			};
			name = Release;
		};
/* End XCBuildConfiguration section */

/* Begin XCConfigurationList section */
		64FE91F62AAA02D900C94587 /* Build configuration list for PBXProject "MarketplaceApp" */ = {
			isa = XCConfigurationList;
			buildConfigurations = (
				64FE920D2AAA02DA00C94587 /* Debug */,
				64FE920E2AAA02DA00C94587 /* Release */,
			);
			defaultConfigurationIsVisible = 0;
			defaultConfigurationName = Release;
		};
		64FE920F2AAA02DA00C94587 /* Build configuration list for PBXNativeTarget "MarketplaceApp" */ = {
			isa = XCConfigurationList;
			buildConfigurations = (
				64FE92102AAA02DA00C94587 /* Debug */,
				64FE92112AAA02DA00C94587 /* Release */,
			);
			defaultConfigurationIsVisible = 0;
			defaultConfigurationName = Release;
		};
/* End XCConfigurationList section */

/* Begin XCRemoteSwiftPackageReference section */
		64FE92122AAA03D600C94587 /* XCRemoteSwiftPackageReference "SnapKit" */ = {
			isa = XCRemoteSwiftPackageReference;
			repositoryURL = "https://github.com/SnapKit/SnapKit.git";
			requirement = {
				kind = upToNextMajorVersion;
				minimumVersion = 5.0.0;
			};
		};
		64FE921F2AAA080300C94587 /* XCRemoteSwiftPackageReference "firebase-ios-sdk" */ = {
			isa = XCRemoteSwiftPackageReference;
			repositoryURL = "https://github.com/firebase/firebase-ios-sdk";
			requirement = {
				kind = upToNextMajorVersion;
				minimumVersion = 10.0.0;
			};
		};
/* End XCRemoteSwiftPackageReference section */

/* Begin XCSwiftPackageProductDependency section */
		64FE92132AAA03D600C94587 /* SnapKit */ = {
			isa = XCSwiftPackageProductDependency;
			package = 64FE92122AAA03D600C94587 /* XCRemoteSwiftPackageReference "SnapKit" */;
			productName = SnapKit;
		};
		64FE92202AAA080300C94587 /* FirebaseAuth */ = {
			isa = XCSwiftPackageProductDependency;
			package = 64FE921F2AAA080300C94587 /* XCRemoteSwiftPackageReference "firebase-ios-sdk" */;
			productName = FirebaseAuth;
		};
		64FE92222AAA080300C94587 /* FirebaseDatabase */ = {
			isa = XCSwiftPackageProductDependency;
			package = 64FE921F2AAA080300C94587 /* XCRemoteSwiftPackageReference "firebase-ios-sdk" */;
			productName = FirebaseDatabase;
		};
		64FE92242AAA080300C94587 /* FirebaseDatabaseSwift */ = {
			isa = XCSwiftPackageProductDependency;
			package = 64FE921F2AAA080300C94587 /* XCRemoteSwiftPackageReference "firebase-ios-sdk" */;
			productName = FirebaseDatabaseSwift;
		};
		64FE92262AAA080300C94587 /* FirebaseFirestore */ = {
			isa = XCSwiftPackageProductDependency;
			package = 64FE921F2AAA080300C94587 /* XCRemoteSwiftPackageReference "firebase-ios-sdk" */;
			productName = FirebaseFirestore;
		};
		64FE92282AAA080300C94587 /* FirebaseFirestoreSwift */ = {
			isa = XCSwiftPackageProductDependency;
			package = 64FE921F2AAA080300C94587 /* XCRemoteSwiftPackageReference "firebase-ios-sdk" */;
			productName = FirebaseFirestoreSwift;
		};
		64FE922A2AAA080300C94587 /* FirebaseStorage */ = {
			isa = XCSwiftPackageProductDependency;
			package = 64FE921F2AAA080300C94587 /* XCRemoteSwiftPackageReference "firebase-ios-sdk" */;
			productName = FirebaseStorage;
		};
/* End XCSwiftPackageProductDependency section */
	};
	rootObject = 64FE91F32AAA02D900C94587 /* Project object */;
}
