// !$*UTF8*$!
{
	archiveVersion = 1;
	classes = {
	};
	objectVersion = 56;
	objects = {

/* Begin PBXBuildFile section */
		649AA29A2AACF56100E543F0 /* ProfileViewController.swift in Sources */ = {isa = PBXBuildFile; fileRef = 649AA2992AACF56100E543F0 /* ProfileViewController.swift */; };
		649AA29C2AACF58200E543F0 /* GoogleService-Info.plist in Resources */ = {isa = PBXBuildFile; fileRef = 649AA29B2AACF58200E543F0 /* GoogleService-Info.plist */; };
		649AA29F2AACF84200E543F0 /* FirebaseAuth in Frameworks */ = {isa = PBXBuildFile; productRef = 649AA29E2AACF84200E543F0 /* FirebaseAuth */; };
		649AA2A12AACF84200E543F0 /* FirebaseDatabase in Frameworks */ = {isa = PBXBuildFile; productRef = 649AA2A02AACF84200E543F0 /* FirebaseDatabase */; };
		649AA2A32AACF84200E543F0 /* FirebaseDatabaseSwift in Frameworks */ = {isa = PBXBuildFile; productRef = 649AA2A22AACF84200E543F0 /* FirebaseDatabaseSwift */; };
		649AA2A52AACF84200E543F0 /* FirebaseFirestore in Frameworks */ = {isa = PBXBuildFile; productRef = 649AA2A42AACF84200E543F0 /* FirebaseFirestore */; };
		649AA2A72AACF84200E543F0 /* FirebaseFirestoreSwift in Frameworks */ = {isa = PBXBuildFile; productRef = 649AA2A62AACF84200E543F0 /* FirebaseFirestoreSwift */; };
		649AA2A92AACF84200E543F0 /* FirebaseStorage in Frameworks */ = {isa = PBXBuildFile; productRef = 649AA2A82AACF84200E543F0 /* FirebaseStorage */; };
		649AA2AC2AACF88100E543F0 /* GoogleSignIn in Frameworks */ = {isa = PBXBuildFile; productRef = 649AA2AB2AACF88100E543F0 /* GoogleSignIn */; };
		649AA2AE2AACF88100E543F0 /* GoogleSignInSwift in Frameworks */ = {isa = PBXBuildFile; productRef = 649AA2AD2AACF88100E543F0 /* GoogleSignInSwift */; };
		649AA2B02AACFB8200E543F0 /* AuthManager.swift in Sources */ = {isa = PBXBuildFile; fileRef = 649AA2AF2AACFB8200E543F0 /* AuthManager.swift */; };
		649AA2B22AACFC1900E543F0 /* LoginResult.swift in Sources */ = {isa = PBXBuildFile; fileRef = 649AA2B12AACFC1900E543F0 /* LoginResult.swift */; };
		64FE91FF2AAA02D900C94587 /* AppDelegate.swift in Sources */ = {isa = PBXBuildFile; fileRef = 64FE91FE2AAA02D900C94587 /* AppDelegate.swift */; };
		64FE92012AAA02D900C94587 /* SceneDelegate.swift in Sources */ = {isa = PBXBuildFile; fileRef = 64FE92002AAA02D900C94587 /* SceneDelegate.swift */; };
		64FE92032AAA02D900C94587 /* ProductsViewController.swift in Sources */ = {isa = PBXBuildFile; fileRef = 64FE92022AAA02D900C94587 /* ProductsViewController.swift */; };
		64FE92082AAA02DA00C94587 /* Assets.xcassets in Resources */ = {isa = PBXBuildFile; fileRef = 64FE92072AAA02DA00C94587 /* Assets.xcassets */; };
		64FE920B2AAA02DA00C94587 /* LaunchScreen.storyboard in Resources */ = {isa = PBXBuildFile; fileRef = 64FE92092AAA02DA00C94587 /* LaunchScreen.storyboard */; };
		64FE92142AAA03D600C94587 /* SnapKit in Frameworks */ = {isa = PBXBuildFile; productRef = 64FE92132AAA03D600C94587 /* SnapKit */; };
		64FE921C2AAA069E00C94587 /* ProductModel.swift in Sources */ = {isa = PBXBuildFile; fileRef = 64FE921B2AAA069E00C94587 /* ProductModel.swift */; };
		64FE92362AAA183D00C94587 /* FirebaseManager.swift in Sources */ = {isa = PBXBuildFile; fileRef = 64FE92352AAA183D00C94587 /* FirebaseManager.swift */; };
		64FE923F2AAA525600C94587 /* SDWebImage in Frameworks */ = {isa = PBXBuildFile; productRef = 64FE923E2AAA525600C94587 /* SDWebImage */; };
		64FE92422AAA59AF00C94587 /* ProductCell.swift in Sources */ = {isa = PBXBuildFile; fileRef = 64FE92412AAA59AF00C94587 /* ProductCell.swift */; };
		64FE92452AAA6C5B00C94587 /* UIColor + Extension.swift in Sources */ = {isa = PBXBuildFile; fileRef = 64FE92442AAA6C5B00C94587 /* UIColor + Extension.swift */; };
		64FE92482AAAD16E00C94587 /* CartPublisher.swift in Sources */ = {isa = PBXBuildFile; fileRef = 64FE92472AAAD16E00C94587 /* CartPublisher.swift */; };
		64FE924B2AAAD20700C94587 /* CartManager.swift in Sources */ = {isa = PBXBuildFile; fileRef = 64FE924A2AAAD20700C94587 /* CartManager.swift */; };
		64FE924D2AAAD3C900C94587 /* CartViewController.swift in Sources */ = {isa = PBXBuildFile; fileRef = 64FE924C2AAAD3C900C94587 /* CartViewController.swift */; };
		64FE924F2AAAD40B00C94587 /* CartCell.swift in Sources */ = {isa = PBXBuildFile; fileRef = 64FE924E2AAAD40B00C94587 /* CartCell.swift */; };
		64FE92512AAAD5E100C94587 /* MainTabBarViewController.swift in Sources */ = {isa = PBXBuildFile; fileRef = 64FE92502AAAD5E100C94587 /* MainTabBarViewController.swift */; };
		64FE92532AAADB5700C94587 /* EmptyCartView.swift in Sources */ = {isa = PBXBuildFile; fileRef = 64FE92522AAADB5700C94587 /* EmptyCartView.swift */; };
		64FE92592AAB272900C94587 /* ProductViewController.swift in Sources */ = {isa = PBXBuildFile; fileRef = 64FE92582AAB272900C94587 /* ProductViewController.swift */; };
		64FE925B2AAB285500C94587 /* CarouselCell.swift in Sources */ = {isa = PBXBuildFile; fileRef = 64FE925A2AAB285500C94587 /* CarouselCell.swift */; };
		64FE925E2AAB3BB900C94587 /* CarouselView.swift in Sources */ = {isa = PBXBuildFile; fileRef = 64FE925D2AAB3BB900C94587 /* CarouselView.swift */; };
		64FE92662AABD7D100C94587 /* SizesView.swift in Sources */ = {isa = PBXBuildFile; fileRef = 64FE92652AABD7D100C94587 /* SizesView.swift */; };
		64FE92682AAC7C7200C94587 /* OrderModel.swift in Sources */ = {isa = PBXBuildFile; fileRef = 64FE92672AAC7C7200C94587 /* OrderModel.swift */; };
/* End PBXBuildFile section */

/* Begin PBXFileReference section */
		649AA2992AACF56100E543F0 /* ProfileViewController.swift */ = {isa = PBXFileReference; lastKnownFileType = sourcecode.swift; path = ProfileViewController.swift; sourceTree = "<group>"; };
		649AA29B2AACF58200E543F0 /* GoogleService-Info.plist */ = {isa = PBXFileReference; fileEncoding = 4; lastKnownFileType = text.plist.xml; path = "GoogleService-Info.plist"; sourceTree = "<group>"; };
		649AA2AF2AACFB8200E543F0 /* AuthManager.swift */ = {isa = PBXFileReference; lastKnownFileType = sourcecode.swift; path = AuthManager.swift; sourceTree = "<group>"; };
		649AA2B12AACFC1900E543F0 /* LoginResult.swift */ = {isa = PBXFileReference; lastKnownFileType = sourcecode.swift; path = LoginResult.swift; sourceTree = "<group>"; };
		64FE91FB2AAA02D900C94587 /* MarketplaceApp.app */ = {isa = PBXFileReference; explicitFileType = wrapper.application; includeInIndex = 0; path = MarketplaceApp.app; sourceTree = BUILT_PRODUCTS_DIR; };
		64FE91FE2AAA02D900C94587 /* AppDelegate.swift */ = {isa = PBXFileReference; lastKnownFileType = sourcecode.swift; path = AppDelegate.swift; sourceTree = "<group>"; };
		64FE92002AAA02D900C94587 /* SceneDelegate.swift */ = {isa = PBXFileReference; lastKnownFileType = sourcecode.swift; path = SceneDelegate.swift; sourceTree = "<group>"; };
		64FE92022AAA02D900C94587 /* ProductsViewController.swift */ = {isa = PBXFileReference; lastKnownFileType = sourcecode.swift; path = ProductsViewController.swift; sourceTree = "<group>"; };
		64FE92072AAA02DA00C94587 /* Assets.xcassets */ = {isa = PBXFileReference; lastKnownFileType = folder.assetcatalog; path = Assets.xcassets; sourceTree = "<group>"; };
		64FE920A2AAA02DA00C94587 /* Base */ = {isa = PBXFileReference; lastKnownFileType = file.storyboard; name = Base; path = Base.lproj/LaunchScreen.storyboard; sourceTree = "<group>"; };
		64FE920C2AAA02DA00C94587 /* Info.plist */ = {isa = PBXFileReference; lastKnownFileType = text.plist.xml; path = Info.plist; sourceTree = "<group>"; };
		64FE921B2AAA069E00C94587 /* ProductModel.swift */ = {isa = PBXFileReference; lastKnownFileType = sourcecode.swift; path = ProductModel.swift; sourceTree = "<group>"; };
		64FE92352AAA183D00C94587 /* FirebaseManager.swift */ = {isa = PBXFileReference; lastKnownFileType = sourcecode.swift; path = FirebaseManager.swift; sourceTree = "<group>"; };
		64FE92412AAA59AF00C94587 /* ProductCell.swift */ = {isa = PBXFileReference; lastKnownFileType = sourcecode.swift; path = ProductCell.swift; sourceTree = "<group>"; };
		64FE92442AAA6C5B00C94587 /* UIColor + Extension.swift */ = {isa = PBXFileReference; lastKnownFileType = sourcecode.swift; path = "UIColor + Extension.swift"; sourceTree = "<group>"; };
		64FE92472AAAD16E00C94587 /* CartPublisher.swift */ = {isa = PBXFileReference; lastKnownFileType = sourcecode.swift; path = CartPublisher.swift; sourceTree = "<group>"; };
		64FE924A2AAAD20700C94587 /* CartManager.swift */ = {isa = PBXFileReference; lastKnownFileType = sourcecode.swift; path = CartManager.swift; sourceTree = "<group>"; };
		64FE924C2AAAD3C900C94587 /* CartViewController.swift */ = {isa = PBXFileReference; lastKnownFileType = sourcecode.swift; path = CartViewController.swift; sourceTree = "<group>"; };
		64FE924E2AAAD40B00C94587 /* CartCell.swift */ = {isa = PBXFileReference; lastKnownFileType = sourcecode.swift; path = CartCell.swift; sourceTree = "<group>"; };
		64FE92502AAAD5E100C94587 /* MainTabBarViewController.swift */ = {isa = PBXFileReference; lastKnownFileType = sourcecode.swift; path = MainTabBarViewController.swift; sourceTree = "<group>"; };
		64FE92522AAADB5700C94587 /* EmptyCartView.swift */ = {isa = PBXFileReference; lastKnownFileType = sourcecode.swift; path = EmptyCartView.swift; sourceTree = "<group>"; };
		64FE92582AAB272900C94587 /* ProductViewController.swift */ = {isa = PBXFileReference; lastKnownFileType = sourcecode.swift; path = ProductViewController.swift; sourceTree = "<group>"; };
		64FE925A2AAB285500C94587 /* CarouselCell.swift */ = {isa = PBXFileReference; lastKnownFileType = sourcecode.swift; path = CarouselCell.swift; sourceTree = "<group>"; };
		64FE925D2AAB3BB900C94587 /* CarouselView.swift */ = {isa = PBXFileReference; lastKnownFileType = sourcecode.swift; path = CarouselView.swift; sourceTree = "<group>"; };
		64FE92652AABD7D100C94587 /* SizesView.swift */ = {isa = PBXFileReference; lastKnownFileType = sourcecode.swift; path = SizesView.swift; sourceTree = "<group>"; };
		64FE92672AAC7C7200C94587 /* OrderModel.swift */ = {isa = PBXFileReference; lastKnownFileType = sourcecode.swift; path = OrderModel.swift; sourceTree = "<group>"; };
/* End PBXFileReference section */

/* Begin PBXFrameworksBuildPhase section */
		64FE91F82AAA02D900C94587 /* Frameworks */ = {
			isa = PBXFrameworksBuildPhase;
			buildActionMask = 2147483647;
			files = (
				649AA2A32AACF84200E543F0 /* FirebaseDatabaseSwift in Frameworks */,
				64FE923F2AAA525600C94587 /* SDWebImage in Frameworks */,
				649AA29F2AACF84200E543F0 /* FirebaseAuth in Frameworks */,
				649AA2A72AACF84200E543F0 /* FirebaseFirestoreSwift in Frameworks */,
				649AA2A12AACF84200E543F0 /* FirebaseDatabase in Frameworks */,
				649AA2AE2AACF88100E543F0 /* GoogleSignInSwift in Frameworks */,
				649AA2A92AACF84200E543F0 /* FirebaseStorage in Frameworks */,
				64FE92142AAA03D600C94587 /* SnapKit in Frameworks */,
				649AA2A52AACF84200E543F0 /* FirebaseFirestore in Frameworks */,
				649AA2AC2AACF88100E543F0 /* GoogleSignIn in Frameworks */,
			);
			runOnlyForDeploymentPostprocessing = 0;
		};
/* End PBXFrameworksBuildPhase section */

/* Begin PBXGroup section */
		64FE91F22AAA02D900C94587 = {
			isa = PBXGroup;
			children = (
				64FE91FD2AAA02D900C94587 /* MarketplaceApp */,
				64FE91FC2AAA02D900C94587 /* Products */,
			);
			sourceTree = "<group>";
		};
		64FE91FC2AAA02D900C94587 /* Products */ = {
			isa = PBXGroup;
			children = (
				64FE91FB2AAA02D900C94587 /* MarketplaceApp.app */,
			);
			name = Products;
			sourceTree = "<group>";
		};
		64FE91FD2AAA02D900C94587 /* MarketplaceApp */ = {
			isa = PBXGroup;
			children = (
				64FE92152AAA04BA00C94587 /* Application */,
				64FE92492AAAD1F100C94587 /* Managers */,
				64FE92342AAA182000C94587 /* Networking */,
				64FE92162AAA055300C94587 /* ViewControllers */,
				64FE92172AAA055F00C94587 /* Views */,
				64FE92182AAA056800C94587 /* Models */,
				64FE92432AAA6C3900C94587 /* Extensions */,
				64FE92072AAA02DA00C94587 /* Assets.xcassets */,
				64FE92092AAA02DA00C94587 /* LaunchScreen.storyboard */,
				64FE920C2AAA02DA00C94587 /* Info.plist */,
				649AA29B2AACF58200E543F0 /* GoogleService-Info.plist */,
			);
			path = MarketplaceApp;
			sourceTree = "<group>";
		};
		64FE92152AAA04BA00C94587 /* Application */ = {
			isa = PBXGroup;
			children = (
				64FE91FE2AAA02D900C94587 /* AppDelegate.swift */,
				64FE92002AAA02D900C94587 /* SceneDelegate.swift */,
			);
			path = Application;
			sourceTree = "<group>";
		};
		64FE92162AAA055300C94587 /* ViewControllers */ = {
			isa = PBXGroup;
			children = (
				64FE92022AAA02D900C94587 /* ProductsViewController.swift */,
				64FE92502AAAD5E100C94587 /* MainTabBarViewController.swift */,
				64FE924C2AAAD3C900C94587 /* CartViewController.swift */,
				64FE92582AAB272900C94587 /* ProductViewController.swift */,
				649AA2992AACF56100E543F0 /* ProfileViewController.swift */,
			);
			path = ViewControllers;
			sourceTree = "<group>";
		};
		64FE92172AAA055F00C94587 /* Views */ = {
			isa = PBXGroup;
			children = (
				64FE92412AAA59AF00C94587 /* ProductCell.swift */,
				64FE924E2AAAD40B00C94587 /* CartCell.swift */,
				64FE92522AAADB5700C94587 /* EmptyCartView.swift */,
				64FE925A2AAB285500C94587 /* CarouselCell.swift */,
				64FE925D2AAB3BB900C94587 /* CarouselView.swift */,
				64FE92652AABD7D100C94587 /* SizesView.swift */,
			);
			path = Views;
			sourceTree = "<group>";
		};
		64FE92182AAA056800C94587 /* Models */ = {
			isa = PBXGroup;
			children = (
				64FE921B2AAA069E00C94587 /* ProductModel.swift */,
				64FE92672AAC7C7200C94587 /* OrderModel.swift */,
				649AA2B12AACFC1900E543F0 /* LoginResult.swift */,
			);
			path = Models;
			sourceTree = "<group>";
		};
		64FE92342AAA182000C94587 /* Networking */ = {
			isa = PBXGroup;
			children = (
				64FE92352AAA183D00C94587 /* FirebaseManager.swift */,
				649AA2AF2AACFB8200E543F0 /* AuthManager.swift */,
			);
			path = Networking;
			sourceTree = "<group>";
		};
		64FE92432AAA6C3900C94587 /* Extensions */ = {
			isa = PBXGroup;
			children = (
				64FE92442AAA6C5B00C94587 /* UIColor + Extension.swift */,
				64FE92472AAAD16E00C94587 /* CartPublisher.swift */,
			);
			path = Extensions;
			sourceTree = "<group>";
		};
		64FE92492AAAD1F100C94587 /* Managers */ = {
			isa = PBXGroup;
			children = (
				64FE924A2AAAD20700C94587 /* CartManager.swift */,
			);
			path = Managers;
			sourceTree = "<group>";
		};
/* End PBXGroup section */

/* Begin PBXNativeTarget section */
		64FE91FA2AAA02D900C94587 /* MarketplaceApp */ = {
			isa = PBXNativeTarget;
			buildConfigurationList = 64FE920F2AAA02DA00C94587 /* Build configuration list for PBXNativeTarget "MarketplaceApp" */;
			buildPhases = (
				64FE91F72AAA02D900C94587 /* Sources */,
				64FE91F82AAA02D900C94587 /* Frameworks */,
				64FE91F92AAA02D900C94587 /* Resources */,
			);
			buildRules = (
			);
			dependencies = (
			);
			name = MarketplaceApp;
			packageProductDependencies = (
				64FE92132AAA03D600C94587 /* SnapKit */,
				64FE923E2AAA525600C94587 /* SDWebImage */,
				649AA29E2AACF84200E543F0 /* FirebaseAuth */,
				649AA2A02AACF84200E543F0 /* FirebaseDatabase */,
				649AA2A22AACF84200E543F0 /* FirebaseDatabaseSwift */,
				649AA2A42AACF84200E543F0 /* FirebaseFirestore */,
				649AA2A62AACF84200E543F0 /* FirebaseFirestoreSwift */,
				649AA2A82AACF84200E543F0 /* FirebaseStorage */,
				649AA2AB2AACF88100E543F0 /* GoogleSignIn */,
				649AA2AD2AACF88100E543F0 /* GoogleSignInSwift */,
			);
			productName = MarketplaceApp;
			productReference = 64FE91FB2AAA02D900C94587 /* MarketplaceApp.app */;
			productType = "com.apple.product-type.application";
		};
/* End PBXNativeTarget section */

/* Begin PBXProject section */
		64FE91F32AAA02D900C94587 /* Project object */ = {
			isa = PBXProject;
			attributes = {
				BuildIndependentTargetsInParallel = 1;
				LastSwiftUpdateCheck = 1430;
				LastUpgradeCheck = 1430;
				TargetAttributes = {
					64FE91FA2AAA02D900C94587 = {
						CreatedOnToolsVersion = 14.3.1;
					};
				};
			};
			buildConfigurationList = 64FE91F62AAA02D900C94587 /* Build configuration list for PBXProject "MarketplaceApp" */;
			compatibilityVersion = "Xcode 14.0";
			developmentRegion = en;
			hasScannedForEncodings = 0;
			knownRegions = (
				en,
				Base,
			);
			mainGroup = 64FE91F22AAA02D900C94587;
			packageReferences = (
				64FE92122AAA03D600C94587 /* XCRemoteSwiftPackageReference "SnapKit" */,
				64FE923D2AAA525600C94587 /* XCRemoteSwiftPackageReference "SDWebImage" */,
				649AA29D2AACF84200E543F0 /* XCRemoteSwiftPackageReference "firebase-ios-sdk" */,
				649AA2AA2AACF88100E543F0 /* XCRemoteSwiftPackageReference "GoogleSignIn-iOS" */,
			);
			productRefGroup = 64FE91FC2AAA02D900C94587 /* Products */;
			projectDirPath = "";
			projectRoot = "";
			targets = (
				64FE91FA2AAA02D900C94587 /* MarketplaceApp */,
			);
		};
/* End PBXProject section */

/* Begin PBXResourcesBuildPhase section */
		64FE91F92AAA02D900C94587 /* Resources */ = {
			isa = PBXResourcesBuildPhase;
			buildActionMask = 2147483647;
			files = (
				649AA29C2AACF58200E543F0 /* GoogleService-Info.plist in Resources */,
				64FE920B2AAA02DA00C94587 /* LaunchScreen.storyboard in Resources */,
				64FE92082AAA02DA00C94587 /* Assets.xcassets in Resources */,
			);
			runOnlyForDeploymentPostprocessing = 0;
		};
/* End PBXResourcesBuildPhase section */

/* Begin PBXSourcesBuildPhase section */
		64FE91F72AAA02D900C94587 /* Sources */ = {
			isa = PBXSourcesBuildPhase;
			buildActionMask = 2147483647;
			files = (
				64FE92362AAA183D00C94587 /* FirebaseManager.swift in Sources */,
				64FE92452AAA6C5B00C94587 /* UIColor + Extension.swift in Sources */,
				64FE92032AAA02D900C94587 /* ProductsViewController.swift in Sources */,
				64FE91FF2AAA02D900C94587 /* AppDelegate.swift in Sources */,
				64FE924B2AAAD20700C94587 /* CartManager.swift in Sources */,
				64FE92482AAAD16E00C94587 /* CartPublisher.swift in Sources */,
				64FE925E2AAB3BB900C94587 /* CarouselView.swift in Sources */,
				64FE924F2AAAD40B00C94587 /* CartCell.swift in Sources */,
				64FE92532AAADB5700C94587 /* EmptyCartView.swift in Sources */,
				649AA2B02AACFB8200E543F0 /* AuthManager.swift in Sources */,
				649AA29A2AACF56100E543F0 /* ProfileViewController.swift in Sources */,
				64FE924D2AAAD3C900C94587 /* CartViewController.swift in Sources */,
				64FE92682AAC7C7200C94587 /* OrderModel.swift in Sources */,
				64FE92662AABD7D100C94587 /* SizesView.swift in Sources */,
				64FE92012AAA02D900C94587 /* SceneDelegate.swift in Sources */,
				649AA2B22AACFC1900E543F0 /* LoginResult.swift in Sources */,
				64FE925B2AAB285500C94587 /* CarouselCell.swift in Sources */,
				64FE92592AAB272900C94587 /* ProductViewController.swift in Sources */,
				64FE92512AAAD5E100C94587 /* MainTabBarViewController.swift in Sources */,
				64FE92422AAA59AF00C94587 /* ProductCell.swift in Sources */,
				64FE921C2AAA069E00C94587 /* ProductModel.swift in Sources */,
			);
			runOnlyForDeploymentPostprocessing = 0;
		};
/* End PBXSourcesBuildPhase section */

/* Begin PBXVariantGroup section */
		64FE92092AAA02DA00C94587 /* LaunchScreen.storyboard */ = {
			isa = PBXVariantGroup;
			children = (
				64FE920A2AAA02DA00C94587 /* Base */,
			);
			name = LaunchScreen.storyboard;
			sourceTree = "<group>";
		};
/* End PBXVariantGroup section */

/* Begin XCBuildConfiguration section */
		64FE920D2AAA02DA00C94587 /* Debug */ = {
			isa = XCBuildConfiguration;
			buildSettings = {
				ALWAYS_SEARCH_USER_PATHS = NO;
				CLANG_ANALYZER_NONNULL = YES;
				CLANG_ANALYZER_NUMBER_OBJECT_CONVERSION = YES_AGGRESSIVE;
				CLANG_CXX_LANGUAGE_STANDARD = "gnu++20";
				CLANG_ENABLE_MODULES = YES;
				CLANG_ENABLE_OBJC_ARC = YES;
				CLANG_ENABLE_OBJC_WEAK = YES;
				CLANG_WARN_BLOCK_CAPTURE_AUTORELEASING = YES;
				CLANG_WARN_BOOL_CONVERSION = YES;
				CLANG_WARN_COMMA = YES;
				CLANG_WARN_CONSTANT_CONVERSION = YES;
				CLANG_WARN_DEPRECATED_OBJC_IMPLEMENTATIONS = YES;
				CLANG_WARN_DIRECT_OBJC_ISA_USAGE = YES_ERROR;
				CLANG_WARN_DOCUMENTATION_COMMENTS = YES;
				CLANG_WARN_EMPTY_BODY = YES;
				CLANG_WARN_ENUM_CONVERSION = YES;
				CLANG_WARN_INFINITE_RECURSION = YES;
				CLANG_WARN_INT_CONVERSION = YES;
				CLANG_WARN_NON_LITERAL_NULL_CONVERSION = YES;
				CLANG_WARN_OBJC_IMPLICIT_RETAIN_SELF = YES;
				CLANG_WARN_OBJC_LITERAL_CONVERSION = YES;
				CLANG_WARN_OBJC_ROOT_CLASS = YES_ERROR;
				CLANG_WARN_QUOTED_INCLUDE_IN_FRAMEWORK_HEADER = YES;
				CLANG_WARN_RANGE_LOOP_ANALYSIS = YES;
				CLANG_WARN_STRICT_PROTOTYPES = YES;
				CLANG_WARN_SUSPICIOUS_MOVE = YES;
				CLANG_WARN_UNGUARDED_AVAILABILITY = YES_AGGRESSIVE;
				CLANG_WARN_UNREACHABLE_CODE = YES;
				CLANG_WARN__DUPLICATE_METHOD_MATCH = YES;
				COPY_PHASE_STRIP = NO;
				DEBUG_INFORMATION_FORMAT = dwarf;
				ENABLE_STRICT_OBJC_MSGSEND = YES;
				ENABLE_TESTABILITY = YES;
				GCC_C_LANGUAGE_STANDARD = gnu11;
				GCC_DYNAMIC_NO_PIC = NO;
				GCC_NO_COMMON_BLOCKS = YES;
				GCC_OPTIMIZATION_LEVEL = 0;
				GCC_PREPROCESSOR_DEFINITIONS = (
					"DEBUG=1",
					"$(inherited)",
				);
				GCC_WARN_64_TO_32_BIT_CONVERSION = YES;
				GCC_WARN_ABOUT_RETURN_TYPE = YES_ERROR;
				GCC_WARN_UNDECLARED_SELECTOR = YES;
				GCC_WARN_UNINITIALIZED_AUTOS = YES_AGGRESSIVE;
				GCC_WARN_UNUSED_FUNCTION = YES;
				GCC_WARN_UNUSED_VARIABLE = YES;
				IPHONEOS_DEPLOYMENT_TARGET = 16.4;
				MTL_ENABLE_DEBUG_INFO = INCLUDE_SOURCE;
				MTL_FAST_MATH = YES;
				ONLY_ACTIVE_ARCH = YES;
				SDKROOT = iphoneos;
				SWIFT_ACTIVE_COMPILATION_CONDITIONS = DEBUG;
				SWIFT_OPTIMIZATION_LEVEL = "-Onone";
			};
			name = Debug;
		};
		64FE920E2AAA02DA00C94587 /* Release */ = {
			isa = XCBuildConfiguration;
			buildSettings = {
				ALWAYS_SEARCH_USER_PATHS = NO;
				CLANG_ANALYZER_NONNULL = YES;
				CLANG_ANALYZER_NUMBER_OBJECT_CONVERSION = YES_AGGRESSIVE;
				CLANG_CXX_LANGUAGE_STANDARD = "gnu++20";
				CLANG_ENABLE_MODULES = YES;
				CLANG_ENABLE_OBJC_ARC = YES;
				CLANG_ENABLE_OBJC_WEAK = YES;
				CLANG_WARN_BLOCK_CAPTURE_AUTORELEASING = YES;
				CLANG_WARN_BOOL_CONVERSION = YES;
				CLANG_WARN_COMMA = YES;
				CLANG_WARN_CONSTANT_CONVERSION = YES;
				CLANG_WARN_DEPRECATED_OBJC_IMPLEMENTATIONS = YES;
				CLANG_WARN_DIRECT_OBJC_ISA_USAGE = YES_ERROR;
				CLANG_WARN_DOCUMENTATION_COMMENTS = YES;
				CLANG_WARN_EMPTY_BODY = YES;
				CLANG_WARN_ENUM_CONVERSION = YES;
				CLANG_WARN_INFINITE_RECURSION = YES;
				CLANG_WARN_INT_CONVERSION = YES;
				CLANG_WARN_NON_LITERAL_NULL_CONVERSION = YES;
				CLANG_WARN_OBJC_IMPLICIT_RETAIN_SELF = YES;
				CLANG_WARN_OBJC_LITERAL_CONVERSION = YES;
				CLANG_WARN_OBJC_ROOT_CLASS = YES_ERROR;
				CLANG_WARN_QUOTED_INCLUDE_IN_FRAMEWORK_HEADER = YES;
				CLANG_WARN_RANGE_LOOP_ANALYSIS = YES;
				CLANG_WARN_STRICT_PROTOTYPES = YES;
				CLANG_WARN_SUSPICIOUS_MOVE = YES;
				CLANG_WARN_UNGUARDED_AVAILABILITY = YES_AGGRESSIVE;
				CLANG_WARN_UNREACHABLE_CODE = YES;
				CLANG_WARN__DUPLICATE_METHOD_MATCH = YES;
				COPY_PHASE_STRIP = NO;
				DEBUG_INFORMATION_FORMAT = "dwarf-with-dsym";
				ENABLE_NS_ASSERTIONS = NO;
				ENABLE_STRICT_OBJC_MSGSEND = YES;
				GCC_C_LANGUAGE_STANDARD = gnu11;
				GCC_NO_COMMON_BLOCKS = YES;
				GCC_WARN_64_TO_32_BIT_CONVERSION = YES;
				GCC_WARN_ABOUT_RETURN_TYPE = YES_ERROR;
				GCC_WARN_UNDECLARED_SELECTOR = YES;
				GCC_WARN_UNINITIALIZED_AUTOS = YES_AGGRESSIVE;
				GCC_WARN_UNUSED_FUNCTION = YES;
				GCC_WARN_UNUSED_VARIABLE = YES;
				IPHONEOS_DEPLOYMENT_TARGET = 16.4;
				MTL_ENABLE_DEBUG_INFO = NO;
				MTL_FAST_MATH = YES;
				SDKROOT = iphoneos;
				SWIFT_COMPILATION_MODE = wholemodule;
				SWIFT_OPTIMIZATION_LEVEL = "-O";
				VALIDATE_PRODUCT = YES;
			};
			name = Release;
		};
		64FE92102AAA02DA00C94587 /* Debug */ = {
			isa = XCBuildConfiguration;
			buildSettings = {
				ASSETCATALOG_COMPILER_APPICON_NAME = AppIcon;
				ASSETCATALOG_COMPILER_GLOBAL_ACCENT_COLOR_NAME = AccentColor;
				CODE_SIGN_STYLE = Automatic;
				CURRENT_PROJECT_VERSION = 1;
				DEVELOPMENT_TEAM = V8ALJCTXD3;
				GENERATE_INFOPLIST_FILE = YES;
				INFOPLIST_FILE = MarketplaceApp/Info.plist;
				INFOPLIST_KEY_UIApplicationSupportsIndirectInputEvents = YES;
				INFOPLIST_KEY_UILaunchStoryboardName = LaunchScreen;
				INFOPLIST_KEY_UISupportedInterfaceOrientations_iPad = "UIInterfaceOrientationPortrait UIInterfaceOrientationPortraitUpsideDown UIInterfaceOrientationLandscapeLeft UIInterfaceOrientationLandscapeRight";
				INFOPLIST_KEY_UISupportedInterfaceOrientations_iPhone = "UIInterfaceOrientationPortrait UIInterfaceOrientationLandscapeLeft UIInterfaceOrientationLandscapeRight";
				LD_RUNPATH_SEARCH_PATHS = (
					"$(inherited)",
					"@executable_path/Frameworks",
				);
				MARKETING_VERSION = 1.0;
				PRODUCT_BUNDLE_IDENTIFIER = ClownTeam.MarketplaceApp;
				PRODUCT_NAME = "$(TARGET_NAME)";
				SWIFT_EMIT_LOC_STRINGS = YES;
				SWIFT_VERSION = 5.0;
				TARGETED_DEVICE_FAMILY = "1,2";
			};
			name = Debug;
		};
		64FE92112AAA02DA00C94587 /* Release */ = {
			isa = XCBuildConfiguration;
			buildSettings = {
				ASSETCATALOG_COMPILER_APPICON_NAME = AppIcon;
				ASSETCATALOG_COMPILER_GLOBAL_ACCENT_COLOR_NAME = AccentColor;
				CODE_SIGN_STYLE = Automatic;
				CURRENT_PROJECT_VERSION = 1;
				DEVELOPMENT_TEAM = V8ALJCTXD3;
				GENERATE_INFOPLIST_FILE = YES;
				INFOPLIST_FILE = MarketplaceApp/Info.plist;
				INFOPLIST_KEY_UIApplicationSupportsIndirectInputEvents = YES;
				INFOPLIST_KEY_UILaunchStoryboardName = LaunchScreen;
				INFOPLIST_KEY_UISupportedInterfaceOrientations_iPad = "UIInterfaceOrientationPortrait UIInterfaceOrientationPortraitUpsideDown UIInterfaceOrientationLandscapeLeft UIInterfaceOrientationLandscapeRight";
				INFOPLIST_KEY_UISupportedInterfaceOrientations_iPhone = "UIInterfaceOrientationPortrait UIInterfaceOrientationLandscapeLeft UIInterfaceOrientationLandscapeRight";
				LD_RUNPATH_SEARCH_PATHS = (
					"$(inherited)",
					"@executable_path/Frameworks",
				);
				MARKETING_VERSION = 1.0;
				PRODUCT_BUNDLE_IDENTIFIER = ClownTeam.MarketplaceApp;
				PRODUCT_NAME = "$(TARGET_NAME)";
				SWIFT_EMIT_LOC_STRINGS = YES;
				SWIFT_VERSION = 5.0;
				TARGETED_DEVICE_FAMILY = "1,2";
			};
			name = Release;
		};
/* End XCBuildConfiguration section */

/* Begin XCConfigurationList section */
		64FE91F62AAA02D900C94587 /* Build configuration list for PBXProject "MarketplaceApp" */ = {
			isa = XCConfigurationList;
			buildConfigurations = (
				64FE920D2AAA02DA00C94587 /* Debug */,
				64FE920E2AAA02DA00C94587 /* Release */,
			);
			defaultConfigurationIsVisible = 0;
			defaultConfigurationName = Release;
		};
		64FE920F2AAA02DA00C94587 /* Build configuration list for PBXNativeTarget "MarketplaceApp" */ = {
			isa = XCConfigurationList;
			buildConfigurations = (
				64FE92102AAA02DA00C94587 /* Debug */,
				64FE92112AAA02DA00C94587 /* Release */,
			);
			defaultConfigurationIsVisible = 0;
			defaultConfigurationName = Release;
		};
/* End XCConfigurationList section */

/* Begin XCRemoteSwiftPackageReference section */
		649AA29D2AACF84200E543F0 /* XCRemoteSwiftPackageReference "firebase-ios-sdk" */ = {
			isa = XCRemoteSwiftPackageReference;
			repositoryURL = "https://github.com/firebase/firebase-ios-sdk";
			requirement = {
				kind = upToNextMajorVersion;
				minimumVersion = 10.0.0;
			};
		};
		649AA2AA2AACF88100E543F0 /* XCRemoteSwiftPackageReference "GoogleSignIn-iOS" */ = {
			isa = XCRemoteSwiftPackageReference;
			repositoryURL = "https://github.com/google/GoogleSignIn-iOS";
			requirement = {
				kind = upToNextMajorVersion;
				minimumVersion = 7.0.0;
			};
		};
		64FE92122AAA03D600C94587 /* XCRemoteSwiftPackageReference "SnapKit" */ = {
			isa = XCRemoteSwiftPackageReference;
			repositoryURL = "https://github.com/SnapKit/SnapKit.git";
			requirement = {
				kind = upToNextMajorVersion;
				minimumVersion = 5.0.0;
			};
		};
		64FE923D2AAA525600C94587 /* XCRemoteSwiftPackageReference "SDWebImage" */ = {
			isa = XCRemoteSwiftPackageReference;
			repositoryURL = "https://github.com/SDWebImage/SDWebImage.git";
			requirement = {
				kind = upToNextMajorVersion;
				minimumVersion = 5.0.0;
			};
		};
/* End XCRemoteSwiftPackageReference section */

/* Begin XCSwiftPackageProductDependency section */
		649AA29E2AACF84200E543F0 /* FirebaseAuth */ = {
			isa = XCSwiftPackageProductDependency;
			package = 649AA29D2AACF84200E543F0 /* XCRemoteSwiftPackageReference "firebase-ios-sdk" */;
			productName = FirebaseAuth;
		};
		649AA2A02AACF84200E543F0 /* FirebaseDatabase */ = {
			isa = XCSwiftPackageProductDependency;
			package = 649AA29D2AACF84200E543F0 /* XCRemoteSwiftPackageReference "firebase-ios-sdk" */;
			productName = FirebaseDatabase;
		};
		649AA2A22AACF84200E543F0 /* FirebaseDatabaseSwift */ = {
			isa = XCSwiftPackageProductDependency;
			package = 649AA29D2AACF84200E543F0 /* XCRemoteSwiftPackageReference "firebase-ios-sdk" */;
			productName = FirebaseDatabaseSwift;
		};
		649AA2A42AACF84200E543F0 /* FirebaseFirestore */ = {
			isa = XCSwiftPackageProductDependency;
			package = 649AA29D2AACF84200E543F0 /* XCRemoteSwiftPackageReference "firebase-ios-sdk" */;
			productName = FirebaseFirestore;
		};
		649AA2A62AACF84200E543F0 /* FirebaseFirestoreSwift */ = {
			isa = XCSwiftPackageProductDependency;
			package = 649AA29D2AACF84200E543F0 /* XCRemoteSwiftPackageReference "firebase-ios-sdk" */;
			productName = FirebaseFirestoreSwift;
		};
		649AA2A82AACF84200E543F0 /* FirebaseStorage */ = {
			isa = XCSwiftPackageProductDependency;
			package = 649AA29D2AACF84200E543F0 /* XCRemoteSwiftPackageReference "firebase-ios-sdk" */;
			productName = FirebaseStorage;
		};
		649AA2AB2AACF88100E543F0 /* GoogleSignIn */ = {
			isa = XCSwiftPackageProductDependency;
			package = 649AA2AA2AACF88100E543F0 /* XCRemoteSwiftPackageReference "GoogleSignIn-iOS" */;
			productName = GoogleSignIn;
		};
		649AA2AD2AACF88100E543F0 /* GoogleSignInSwift */ = {
			isa = XCSwiftPackageProductDependency;
			package = 649AA2AA2AACF88100E543F0 /* XCRemoteSwiftPackageReference "GoogleSignIn-iOS" */;
			productName = GoogleSignInSwift;
		};
		64FE92132AAA03D600C94587 /* SnapKit */ = {
			isa = XCSwiftPackageProductDependency;
			package = 64FE92122AAA03D600C94587 /* XCRemoteSwiftPackageReference "SnapKit" */;
			productName = SnapKit;
		};
		64FE923E2AAA525600C94587 /* SDWebImage */ = {
			isa = XCSwiftPackageProductDependency;
			package = 64FE923D2AAA525600C94587 /* XCRemoteSwiftPackageReference "SDWebImage" */;
			productName = SDWebImage;
		};
/* End XCSwiftPackageProductDependency section */
	};
	rootObject = 64FE91F32AAA02D900C94587 /* Project object */;
}
